// !$*UTF8*$!
{
	archiveVersion = 1;
	classes = {
	};
	objectVersion = 55;
	objects = {

/* Begin PBXBuildFile section */
		60F770182960AAFA00B07144 /* AppDelegate.swift in Sources */ = {isa = PBXBuildFile; fileRef = 60F770172960AAFA00B07144 /* AppDelegate.swift */; };
		60F7701A2960AAFA00B07144 /* SceneDelegate.swift in Sources */ = {isa = PBXBuildFile; fileRef = 60F770192960AAFA00B07144 /* SceneDelegate.swift */; };
		60F7701C2960AAFA00B07144 /* ViewController.swift in Sources */ = {isa = PBXBuildFile; fileRef = 60F7701B2960AAFA00B07144 /* ViewController.swift */; };
		60F7701F2960AAFA00B07144 /* Main.storyboard in Resources */ = {isa = PBXBuildFile; fileRef = 60F7701D2960AAFA00B07144 /* Main.storyboard */; };
		60F770222960AAFA00B07144 /* ArduinoDataTransferLDR.xcdatamodeld in Sources */ = {isa = PBXBuildFile; fileRef = 60F770202960AAFA00B07144 /* ArduinoDataTransferLDR.xcdatamodeld */; };
		60F770242960AAFC00B07144 /* Assets.xcassets in Resources */ = {isa = PBXBuildFile; fileRef = 60F770232960AAFC00B07144 /* Assets.xcassets */; };
		60F770272960AAFC00B07144 /* LaunchScreen.storyboard in Resources */ = {isa = PBXBuildFile; fileRef = 60F770252960AAFC00B07144 /* LaunchScreen.storyboard */; };
/* End PBXBuildFile section */

/* Begin PBXFileReference section */
		60F770142960AAFA00B07144 /* ArduinoDataTransferLDR.app */ = {isa = PBXFileReference; explicitFileType = wrapper.application; includeInIndex = 0; path = ArduinoDataTransferLDR.app; sourceTree = BUILT_PRODUCTS_DIR; };
		60F770172960AAFA00B07144 /* AppDelegate.swift */ = {isa = PBXFileReference; lastKnownFileType = sourcecode.swift; path = AppDelegate.swift; sourceTree = "<group>"; };
		60F770192960AAFA00B07144 /* SceneDelegate.swift */ = {isa = PBXFileReference; lastKnownFileType = sourcecode.swift; path = SceneDelegate.swift; sourceTree = "<group>"; };
		60F7701B2960AAFA00B07144 /* ViewController.swift */ = {isa = PBXFileReference; lastKnownFileType = sourcecode.swift; path = ViewController.swift; sourceTree = "<group>"; };
		60F7701E2960AAFA00B07144 /* Base */ = {isa = PBXFileReference; lastKnownFileType = file.storyboard; name = Base; path = Base.lproj/Main.storyboard; sourceTree = "<group>"; };
		60F770212960AAFA00B07144 /* ArduinoDataTransferLDR.xcdatamodel */ = {isa = PBXFileReference; lastKnownFileType = wrapper.xcdatamodel; path = ArduinoDataTransferLDR.xcdatamodel; sourceTree = "<group>"; };
		60F770232960AAFC00B07144 /* Assets.xcassets */ = {isa = PBXFileReference; lastKnownFileType = folder.assetcatalog; path = Assets.xcassets; sourceTree = "<group>"; };
		60F770262960AAFC00B07144 /* Base */ = {isa = PBXFileReference; lastKnownFileType = file.storyboard; name = Base; path = Base.lproj/LaunchScreen.storyboard; sourceTree = "<group>"; };
		60F770282960AAFC00B07144 /* Info.plist */ = {isa = PBXFileReference; lastKnownFileType = text.plist.xml; path = Info.plist; sourceTree = "<group>"; };
/* End PBXFileReference section */

/* Begin PBXFrameworksBuildPhase section */
		60F770112960AAFA00B07144 /* Frameworks */ = {
			isa = PBXFrameworksBuildPhase;
			buildActionMask = 2147483647;
			files = (
			);
			runOnlyForDeploymentPostprocessing = 0;
		};
/* End PBXFrameworksBuildPhase section */

/* Begin PBXGroup section */
		60F7700B2960AAFA00B07144 = {
			isa = PBXGroup;
			children = (
				60F770162960AAFA00B07144 /* ArduinoDataTransferLDR */,
				60F770152960AAFA00B07144 /* Products */,
			);
			sourceTree = "<group>";
		};
		60F770152960AAFA00B07144 /* Products */ = {
			isa = PBXGroup;
			children = (
				60F770142960AAFA00B07144 /* ArduinoDataTransferLDR.app */,
			);
			name = Products;
			sourceTree = "<group>";
		};
		60F770162960AAFA00B07144 /* ArduinoDataTransferLDR */ = {
			isa = PBXGroup;
			children = (
				60F770172960AAFA00B07144 /* AppDelegate.swift */,
				60F770192960AAFA00B07144 /* SceneDelegate.swift */,
				60F7701B2960AAFA00B07144 /* ViewController.swift */,
				60F7701D2960AAFA00B07144 /* Main.storyboard */,
				60F770232960AAFC00B07144 /* Assets.xcassets */,
				60F770252960AAFC00B07144 /* LaunchScreen.storyboard */,
				60F770282960AAFC00B07144 /* Info.plist */,
				60F770202960AAFA00B07144 /* ArduinoDataTransferLDR.xcdatamodeld */,
			);
			path = ArduinoDataTransferLDR;
			sourceTree = "<group>";
		};
/* End PBXGroup section */

/* Begin PBXNativeTarget section */
		60F770132960AAFA00B07144 /* ArduinoDataTransferLDR */ = {
			isa = PBXNativeTarget;
			buildConfigurationList = 60F7702B2960AAFC00B07144 /* Build configuration list for PBXNativeTarget "ArduinoDataTransferLDR" */;
			buildPhases = (
				60F770102960AAFA00B07144 /* Sources */,
				60F770112960AAFA00B07144 /* Frameworks */,
				60F770122960AAFA00B07144 /* Resources */,
			);
			buildRules = (
			);
			dependencies = (
			);
			name = ArduinoDataTransferLDR;
			productName = ArduinoDataTransferLDR;
			productReference = 60F770142960AAFA00B07144 /* ArduinoDataTransferLDR.app */;
			productType = "com.apple.product-type.application";
		};
/* End PBXNativeTarget section */

/* Begin PBXProject section */
		60F7700C2960AAFA00B07144 /* Project object */ = {
			isa = PBXProject;
			attributes = {
				BuildIndependentTargetsInParallel = 1;
				LastSwiftUpdateCheck = 1340;
				LastUpgradeCheck = 1340;
				TargetAttributes = {
					60F770132960AAFA00B07144 = {
						CreatedOnToolsVersion = 13.4.1;
					};
				};
			};
			buildConfigurationList = 60F7700F2960AAFA00B07144 /* Build configuration list for PBXProject "ArduinoDataTransferLDR" */;
			compatibilityVersion = "Xcode 13.0";
			developmentRegion = en;
			hasScannedForEncodings = 0;
			knownRegions = (
				en,
				Base,
			);
			mainGroup = 60F7700B2960AAFA00B07144;
			productRefGroup = 60F770152960AAFA00B07144 /* Products */;
			projectDirPath = "";
			projectRoot = "";
			targets = (
				60F770132960AAFA00B07144 /* ArduinoDataTransferLDR */,
			);
		};
/* End PBXProject section */

/* Begin PBXResourcesBuildPhase section */
		60F770122960AAFA00B07144 /* Resources */ = {
			isa = PBXResourcesBuildPhase;
			buildActionMask = 2147483647;
			files = (
				60F770272960AAFC00B07144 /* LaunchScreen.storyboard in Resources */,
				60F770242960AAFC00B07144 /* Assets.xcassets in Resources */,
				60F7701F2960AAFA00B07144 /* Main.storyboard in Resources */,
			);
			runOnlyForDeploymentPostprocessing = 0;
		};
/* End PBXResourcesBuildPhase section */

/* Begin PBXSourcesBuildPhase section */
		60F770102960AAFA00B07144 /* Sources */ = {
			isa = PBXSourcesBuildPhase;
			buildActionMask = 2147483647;
			files = (
				60F7701C2960AAFA00B07144 /* ViewController.swift in Sources */,
				60F770182960AAFA00B07144 /* AppDelegate.swift in Sources */,
				60F770222960AAFA00B07144 /* ArduinoDataTransferLDR.xcdatamodeld in Sources */,
				60F7701A2960AAFA00B07144 /* SceneDelegate.swift in Sources */,
			);
			runOnlyForDeploymentPostprocessing = 0;
		};
/* End PBXSourcesBuildPhase section */

/* Begin PBXVariantGroup section */
		60F7701D2960AAFA00B07144 /* Main.storyboard */ = {
			isa = PBXVariantGroup;
			children = (
				60F7701E2960AAFA00B07144 /* Base */,
			);
			name = Main.storyboard;
			sourceTree = "<group>";
		};
		60F770252960AAFC00B07144 /* LaunchScreen.storyboard */ = {
			isa = PBXVariantGroup;
			children = (
				60F770262960AAFC00B07144 /* Base */,
			);
			name = LaunchScreen.storyboard;
			sourceTree = "<group>";
		};
/* End PBXVariantGroup section */

/* Begin XCBuildConfiguration section */
		60F770292960AAFC00B07144 /* Debug */ = {
			isa = XCBuildConfiguration;
			buildSettings = {
				ALWAYS_SEARCH_USER_PATHS = NO;
				CLANG_ANALYZER_NONNULL = YES;
				CLANG_ANALYZER_NUMBER_OBJECT_CONVERSION = YES_AGGRESSIVE;
				CLANG_CXX_LANGUAGE_STANDARD = "gnu++17";
				CLANG_ENABLE_MODULES = YES;
				CLANG_ENABLE_OBJC_ARC = YES;
				CLANG_ENABLE_OBJC_WEAK = YES;
				CLANG_WARN_BLOCK_CAPTURE_AUTORELEASING = YES;
				CLANG_WARN_BOOL_CONVERSION = YES;
				CLANG_WARN_COMMA = YES;
				CLANG_WARN_CONSTANT_CONVERSION = YES;
				CLANG_WARN_DEPRECATED_OBJC_IMPLEMENTATIONS = YES;
				CLANG_WARN_DIRECT_OBJC_ISA_USAGE = YES_ERROR;
				CLANG_WARN_DOCUMENTATION_COMMENTS = YES;
				CLANG_WARN_EMPTY_BODY = YES;
				CLANG_WARN_ENUM_CONVERSION = YES;
				CLANG_WARN_INFINITE_RECURSION = YES;
				CLANG_WARN_INT_CONVERSION = YES;
				CLANG_WARN_NON_LITERAL_NULL_CONVERSION = YES;
				CLANG_WARN_OBJC_IMPLICIT_RETAIN_SELF = YES;
				CLANG_WARN_OBJC_LITERAL_CONVERSION = YES;
				CLANG_WARN_OBJC_ROOT_CLASS = YES_ERROR;
				CLANG_WARN_QUOTED_INCLUDE_IN_FRAMEWORK_HEADER = YES;
				CLANG_WARN_RANGE_LOOP_ANALYSIS = YES;
				CLANG_WARN_STRICT_PROTOTYPES = YES;
				CLANG_WARN_SUSPICIOUS_MOVE = YES;
				CLANG_WARN_UNGUARDED_AVAILABILITY = YES_AGGRESSIVE;
				CLANG_WARN_UNREACHABLE_CODE = YES;
				CLANG_WARN__DUPLICATE_METHOD_MATCH = YES;
				COPY_PHASE_STRIP = NO;
				DEBUG_INFORMATION_FORMAT = dwarf;
				ENABLE_STRICT_OBJC_MSGSEND = YES;
				ENABLE_TESTABILITY = YES;
				GCC_C_LANGUAGE_STANDARD = gnu11;
				GCC_DYNAMIC_NO_PIC = NO;
				GCC_NO_COMMON_BLOCKS = YES;
				GCC_OPTIMIZATION_LEVEL = 0;
				GCC_PREPROCESSOR_DEFINITIONS = (
					"DEBUG=1",
					"$(inherited)",
				);
				GCC_WARN_64_TO_32_BIT_CONVERSION = YES;
				GCC_WARN_ABOUT_RETURN_TYPE = YES_ERROR;
				GCC_WARN_UNDECLARED_SELECTOR = YES;
				GCC_WARN_UNINITIALIZED_AUTOS = YES_AGGRESSIVE;
				GCC_WARN_UNUSED_FUNCTION = YES;
				GCC_WARN_UNUSED_VARIABLE = YES;
				IPHONEOS_DEPLOYMENT_TARGET = 15.5;
				MTL_ENABLE_DEBUG_INFO = INCLUDE_SOURCE;
				MTL_FAST_MATH = YES;
				ONLY_ACTIVE_ARCH = YES;
				SDKROOT = iphoneos;
				SWIFT_ACTIVE_COMPILATION_CONDITIONS = DEBUG;
				SWIFT_OPTIMIZATION_LEVEL = "-Onone";
			};
			name = Debug;
		};
		60F7702A2960AAFC00B07144 /* Release */ = {
			isa = XCBuildConfiguration;
			buildSettings = {
				ALWAYS_SEARCH_USER_PATHS = NO;
				CLANG_ANALYZER_NONNULL = YES;
				CLANG_ANALYZER_NUMBER_OBJECT_CONVERSION = YES_AGGRESSIVE;
				CLANG_CXX_LANGUAGE_STANDARD = "gnu++17";
				CLANG_ENABLE_MODULES = YES;
				CLANG_ENABLE_OBJC_ARC = YES;
				CLANG_ENABLE_OBJC_WEAK = YES;
				CLANG_WARN_BLOCK_CAPTURE_AUTORELEASING = YES;
				CLANG_WARN_BOOL_CONVERSION = YES;
				CLANG_WARN_COMMA = YES;
				CLANG_WARN_CONSTANT_CONVERSION = YES;
				CLANG_WARN_DEPRECATED_OBJC_IMPLEMENTATIONS = YES;
				CLANG_WARN_DIRECT_OBJC_ISA_USAGE = YES_ERROR;
				CLANG_WARN_DOCUMENTATION_COMMENTS = YES;
				CLANG_WARN_EMPTY_BODY = YES;
				CLANG_WARN_ENUM_CONVERSION = YES;
				CLANG_WARN_INFINITE_RECURSION = YES;
				CLANG_WARN_INT_CONVERSION = YES;
				CLANG_WARN_NON_LITERAL_NULL_CONVERSION = YES;
				CLANG_WARN_OBJC_IMPLICIT_RETAIN_SELF = YES;
				CLANG_WARN_OBJC_LITERAL_CONVERSION = YES;
				CLANG_WARN_OBJC_ROOT_CLASS = YES_ERROR;
				CLANG_WARN_QUOTED_INCLUDE_IN_FRAMEWORK_HEADER = YES;
				CLANG_WARN_RANGE_LOOP_ANALYSIS = YES;
				CLANG_WARN_STRICT_PROTOTYPES = YES;
				CLANG_WARN_SUSPICIOUS_MOVE = YES;
				CLANG_WARN_UNGUARDED_AVAILABILITY = YES_AGGRESSIVE;
				CLANG_WARN_UNREACHABLE_CODE = YES;
				CLANG_WARN__DUPLICATE_METHOD_MATCH = YES;
				COPY_PHASE_STRIP = NO;
				DEBUG_INFORMATION_FORMAT = "dwarf-with-dsym";
				ENABLE_NS_ASSERTIONS = NO;
				ENABLE_STRICT_OBJC_MSGSEND = YES;
				GCC_C_LANGUAGE_STANDARD = gnu11;
				GCC_NO_COMMON_BLOCKS = YES;
				GCC_WARN_64_TO_32_BIT_CONVERSION = YES;
				GCC_WARN_ABOUT_RETURN_TYPE = YES_ERROR;
				GCC_WARN_UNDECLARED_SELECTOR = YES;
				GCC_WARN_UNINITIALIZED_AUTOS = YES_AGGRESSIVE;
				GCC_WARN_UNUSED_FUNCTION = YES;
				GCC_WARN_UNUSED_VARIABLE = YES;
				IPHONEOS_DEPLOYMENT_TARGET = 15.5;
				MTL_ENABLE_DEBUG_INFO = NO;
				MTL_FAST_MATH = YES;
				SDKROOT = iphoneos;
				SWIFT_COMPILATION_MODE = wholemodule;
				SWIFT_OPTIMIZATION_LEVEL = "-O";
				VALIDATE_PRODUCT = YES;
			};
			name = Release;
		};
		60F7702C2960AAFC00B07144 /* Debug */ = {
			isa = XCBuildConfiguration;
			buildSettings = {
				ASSETCATALOG_COMPILER_APPICON_NAME = AppIcon;
				ASSETCATALOG_COMPILER_GLOBAL_ACCENT_COLOR_NAME = AccentColor;
				CODE_SIGN_STYLE = Automatic;
				CURRENT_PROJECT_VERSION = 1;
				DEVELOPMENT_TEAM = R2HYM77JZB;
				GENERATE_INFOPLIST_FILE = YES;
				INFOPLIST_FILE = ArduinoDataTransferLDR/Info.plist;
				INFOPLIST_KEY_UIApplicationSupportsIndirectInputEvents = YES;
				INFOPLIST_KEY_UILaunchStoryboardName = LaunchScreen;
				INFOPLIST_KEY_UIMainStoryboardFile = Main;
				INFOPLIST_KEY_UISupportedInterfaceOrientations_iPad = "UIInterfaceOrientationPortrait UIInterfaceOrientationPortraitUpsideDown UIInterfaceOrientationLandscapeLeft UIInterfaceOrientationLandscapeRight";
				INFOPLIST_KEY_UISupportedInterfaceOrientations_iPhone = "UIInterfaceOrientationPortrait UIInterfaceOrientationLandscapeLeft UIInterfaceOrientationLandscapeRight";
				IPHONEOS_DEPLOYMENT_TARGET = 13.5;
				LD_RUNPATH_SEARCH_PATHS = (
					"$(inherited)",
					"@executable_path/Frameworks",
				);
				MARKETING_VERSION = 1.0;
				PRODUCT_BUNDLE_IDENTIFIER = "com.burakaltunoluk.bhc-08.ArduinoDataTransferLDR";
				PRODUCT_NAME = "$(TARGET_NAME)";
				SWIFT_EMIT_LOC_STRINGS = YES;
				SWIFT_VERSION = 5.0;
				TARGETED_DEVICE_FAMILY = 1;
			};
			name = Debug;
		};
		60F7702D2960AAFC00B07144 /* Release */ = {
			isa = XCBuildConfiguration;
			buildSettings = {
				ASSETCATALOG_COMPILER_APPICON_NAME = AppIcon;
				ASSETCATALOG_COMPILER_GLOBAL_ACCENT_COLOR_NAME = AccentColor;
				CODE_SIGN_STYLE = Automatic;
				CURRENT_PROJECT_VERSION = 1;
				DEVELOPMENT_TEAM = R2HYM77JZB;
				GENERATE_INFOPLIST_FILE = YES;
				INFOPLIST_FILE = ArduinoDataTransferLDR/Info.plist;
				INFOPLIST_KEY_UIApplicationSupportsIndirectInputEvents = YES;
				INFOPLIST_KEY_UILaunchStoryboardName = LaunchScreen;
				INFOPLIST_KEY_UIMainStoryboardFile = Main;
				INFOPLIST_KEY_UISupportedInterfaceOrientations_iPad = "UIInterfaceOrientationPortrait UIInterfaceOrientationPortraitUpsideDown UIInterfaceOrientationLandscapeLeft UIInterfaceOrientationLandscapeRight";
				INFOPLIST_KEY_UISupportedInterfaceOrientations_iPhone = "UIInterfaceOrientationPortrait UIInterfaceOrientationLandscapeLeft UIInterfaceOrientationLandscapeRight";
				IPHONEOS_DEPLOYMENT_TARGET = 13.5;
				LD_RUNPATH_SEARCH_PATHS = (
					"$(inherited)",
					"@executable_path/Frameworks",
				);
				MARKETING_VERSION = 1.0;
				PRODUCT_BUNDLE_IDENTIFIER = "com.burakaltunoluk.bhc-08.ArduinoDataTransferLDR";
				PRODUCT_NAME = "$(TARGET_NAME)";
				SWIFT_EMIT_LOC_STRINGS = YES;
				SWIFT_VERSION = 5.0;
				TARGETED_DEVICE_FAMILY = 1;
			};
			name = Release;
		};
/* End XCBuildConfiguration section */

/* Begin XCConfigurationList section */
		60F7700F2960AAFA00B07144 /* Build configuration list for PBXProject "ArduinoDataTransferLDR" */ = {
			isa = XCConfigurationList;
			buildConfigurations = (
				60F770292960AAFC00B07144 /* Debug */,
				60F7702A2960AAFC00B07144 /* Release */,
			);
			defaultConfigurationIsVisible = 0;
			defaultConfigurationName = Release;
		};
		60F7702B2960AAFC00B07144 /* Build configuration list for PBXNativeTarget "ArduinoDataTransferLDR" */ = {
			isa = XCConfigurationList;
			buildConfigurations = (
				60F7702C2960AAFC00B07144 /* Debug */,
				60F7702D2960AAFC00B07144 /* Release */,
			);
			defaultConfigurationIsVisible = 0;
			defaultConfigurationName = Release;
		};
/* End XCConfigurationList section */

/* Begin XCVersionGroup section */
		60F770202960AAFA00B07144 /* ArduinoDataTransferLDR.xcdatamodeld */ = {
			isa = XCVersionGroup;
			children = (
				60F770212960AAFA00B07144 /* ArduinoDataTransferLDR.xcdatamodel */,
			);
			currentVersion = 60F770212960AAFA00B07144 /* ArduinoDataTransferLDR.xcdatamodel */;
			path = ArduinoDataTransferLDR.xcdatamodeld;
			sourceTree = "<group>";
			versionGroupType = wrapper.xcdatamodel;
		};
/* End XCVersionGroup section */
	};
	rootObject = 60F7700C2960AAFA00B07144 /* Project object */;
}
